
Microsoft Visual Studio Solution File, Format Version 12.00
# Visual Studio Version 17
VisualStudioVersion = 17.12.35527.113 d17.12
MinimumVisualStudioVersion = 10.0.40219.1
Project("{FAE04EC0-301F-11D3-BF4B-00C04F79EFBC}") = "NineLanCacheUI-API", "NineLanCacheUI-API\NineLanCacheUI-API.csproj", "{32D674FF-74BA-434D-BD5C-8BFA7EFC9CD1}"
EndProject
Global
	GlobalSection(SolutionConfigurationPlatforms) = preSolution
		Debug|Any CPU = Debug|Any CPU
		Release|Any CPU = Release|Any CPU
	EndGlobalSection
	GlobalSection(ProjectConfigurationPlatforms) = postSolution
		{32D674FF-74BA-434D-BD5C-8BFA7EFC9CD1}.Debug|Any CPU.ActiveCfg = Debug|Any CPU
		{32D674FF-74BA-434D-BD5C-8BFA7EFC9CD1}.Debug|Any CPU.Build.0 = Debug|Any CPU
		{32D674FF-74BA-434D-BD5C-8BFA7EFC9CD1}.Release|Any CPU.ActiveCfg = Release|Any CPU
		{32D674FF-74BA-434D-BD5C-8BFA7EFC9CD1}.Release|Any CPU.Build.0 = Release|Any CPU
	EndGlobalSection
	GlobalSection(SolutionProperties) = preSolution
		HideSolutionNode = FALSE
	EndGlobalSection
EndGlobal
